
Microsoft Visual Studio Solution File, Format Version 12.00
# Visual Studio Version 17
VisualStudioVersion = 17.1.32421.90
MinimumVisualStudioVersion = 10.0.40219.1
Project("{9A19103F-16F7-4668-BE54-9A1E7A4F7556}") = "Abstract.Lesson", "Abstract.Lesson\Abstract.Lesson.csproj", "{1BC50328-2678-4E7E-9BBC-4E79E4792BAB}"
EndProject
Project("{9A19103F-16F7-4668-BE54-9A1E7A4F7556}") = "Constructor.Lesson", "Constructor.Lesson\Constructor.Lesson.csproj", "{DCC664ED-6B59-43B8-B708-505E9F586A33}"
EndProject
Global
	GlobalSection(SolutionConfigurationPlatforms) = preSolution
		Debug|Any CPU = Debug|Any CPU
		Release|Any CPU = Release|Any CPU
	EndGlobalSection
	GlobalSection(ProjectConfigurationPlatforms) = postSolution
		{1BC50328-2678-4E7E-9BBC-4E79E4792BAB}.Debug|Any CPU.ActiveCfg = Debug|Any CPU
		{1BC50328-2678-4E7E-9BBC-4E79E4792BAB}.Debug|Any CPU.Build.0 = Debug|Any CPU
		{1BC50328-2678-4E7E-9BBC-4E79E4792BAB}.Release|Any CPU.ActiveCfg = Release|Any CPU
		{1BC50328-2678-4E7E-9BBC-4E79E4792BAB}.Release|Any CPU.Build.0 = Release|Any CPU
		{DCC664ED-6B59-43B8-B708-505E9F586A33}.Debug|Any CPU.ActiveCfg = Debug|Any CPU
		{DCC664ED-6B59-43B8-B708-505E9F586A33}.Debug|Any CPU.Build.0 = Debug|Any CPU
		{DCC664ED-6B59-43B8-B708-505E9F586A33}.Release|Any CPU.ActiveCfg = Release|Any CPU
		{DCC664ED-6B59-43B8-B708-505E9F586A33}.Release|Any CPU.Build.0 = Release|Any CPU
	EndGlobalSection
	GlobalSection(SolutionProperties) = preSolution
		HideSolutionNode = FALSE
	EndGlobalSection
	GlobalSection(ExtensibilityGlobals) = postSolution
		SolutionGuid = {68BA3BB3-4075-4D2B-A11E-0B83A2727DD0}
	EndGlobalSection
EndGlobal
